
Microsoft Visual Studio Solution File, Format Version 12.00
Project("{2150E333-8FDC-42A3-9474-1A3956D46DE8}") = "src", "src", "{827E0CD3-B72D-47B6-A68D-7590B98EB39B}"
EndProject
Project("{FAE04EC0-301F-11D3-BF4B-00C04F79EFBC}") = "MonthlyBudget.SharedKernel", "src\MonthlyBudget.SharedKernel\MonthlyBudget.SharedKernel.csproj", "{B22E138D-A8E8-4E60-9342-6B424F3735ED}"
EndProject
Project("{FAE04EC0-301F-11D3-BF4B-00C04F79EFBC}") = "MonthlyBudget.Infrastructure", "src\MonthlyBudget.Infrastructure\MonthlyBudget.Infrastructure.csproj", "{2676BB94-38BA-4CE8-B64C-26160FA22C29}"
EndProject
Project("{2150E333-8FDC-42A3-9474-1A3956D46DE8}") = "Modules", "Modules", "{EC447DCF-ABFA-6E24-52A5-D7FD48A5C558}"
EndProject
Project("{FAE04EC0-301F-11D3-BF4B-00C04F79EFBC}") = "MonthlyBudget.BudgetManagement", "src\Modules\MonthlyBudget.BudgetManagement\MonthlyBudget.BudgetManagement.csproj", "{29EDFE27-785D-454A-B7A9-A8D71DCB62B5}"
EndProject
Project("{FAE04EC0-301F-11D3-BF4B-00C04F79EFBC}") = "MonthlyBudget.ForecastEngine", "src\Modules\MonthlyBudget.ForecastEngine\MonthlyBudget.ForecastEngine.csproj", "{B9F212BF-1302-4005-A56D-A2733F3A792A}"
EndProject
Project("{FAE04EC0-301F-11D3-BF4B-00C04F79EFBC}") = "MonthlyBudget.IdentityHousehold", "src\Modules\MonthlyBudget.IdentityHousehold\MonthlyBudget.IdentityHousehold.csproj", "{E519B1D4-0671-4C8F-AE19-906B818E5E8A}"
EndProject
Project("{FAE04EC0-301F-11D3-BF4B-00C04F79EFBC}") = "MonthlyBudget.Api", "src\MonthlyBudget.Api\MonthlyBudget.Api.csproj", "{84FF43B1-6390-4989-A6C5-385A9582E18F}"
EndProject
Project("{2150E333-8FDC-42A3-9474-1A3956D46DE8}") = "tests", "tests", "{0AB3BF05-4346-4AA6-1389-037BE0695223}"
EndProject
Project("{FAE04EC0-301F-11D3-BF4B-00C04F79EFBC}") = "MonthlyBudget.BudgetManagement.Tests", "tests\MonthlyBudget.BudgetManagement.Tests\MonthlyBudget.BudgetManagement.Tests.csproj", "{41B1F385-72CC-4F28-A66A-32E14645F3D6}"
EndProject
Project("{FAE04EC0-301F-11D3-BF4B-00C04F79EFBC}") = "MonthlyBudget.ForecastEngine.Tests", "tests\MonthlyBudget.ForecastEngine.Tests\MonthlyBudget.ForecastEngine.Tests.csproj", "{BEE3ACEA-6914-4D91-9635-6C583FDAD35E}"
EndProject
Project("{FAE04EC0-301F-11D3-BF4B-00C04F79EFBC}") = "MonthlyBudget.IdentityHousehold.Tests", "tests\MonthlyBudget.IdentityHousehold.Tests\MonthlyBudget.IdentityHousehold.Tests.csproj", "{AE7F72DC-1BA0-493E-9280-8130B8FE2047}"
EndProject
Project("{FAE04EC0-301F-11D3-BF4B-00C04F79EFBC}") = "MonthlyBudget.Integration.Tests", "tests\MonthlyBudget.Integration.Tests\MonthlyBudget.Integration.Tests.csproj", "{DE738170-FA74-4314-8713-46621D8A831B}"
EndProject
Global
	GlobalSection(SolutionConfigurationPlatforms) = preSolution
		Debug|Any CPU = Debug|Any CPU
		Debug|x64 = Debug|x64
		Debug|x86 = Debug|x86
		Release|Any CPU = Release|Any CPU
		Release|x64 = Release|x64
		Release|x86 = Release|x86
	EndGlobalSection
	GlobalSection(ProjectConfigurationPlatforms) = postSolution
		{B22E138D-A8E8-4E60-9342-6B424F3735ED}.Debug|Any CPU.ActiveCfg = Debug|Any CPU
		{B22E138D-A8E8-4E60-9342-6B424F3735ED}.Debug|Any CPU.Build.0 = Debug|Any CPU
		{B22E138D-A8E8-4E60-9342-6B424F3735ED}.Debug|x64.ActiveCfg = Debug|Any CPU
		{B22E138D-A8E8-4E60-9342-6B424F3735ED}.Debug|x64.Build.0 = Debug|Any CPU
		{B22E138D-A8E8-4E60-9342-6B424F3735ED}.Debug|x86.ActiveCfg = Debug|Any CPU
		{B22E138D-A8E8-4E60-9342-6B424F3735ED}.Debug|x86.Build.0 = Debug|Any CPU
		{B22E138D-A8E8-4E60-9342-6B424F3735ED}.Release|Any CPU.ActiveCfg = Release|Any CPU
		{B22E138D-A8E8-4E60-9342-6B424F3735ED}.Release|Any CPU.Build.0 = Release|Any CPU
		{B22E138D-A8E8-4E60-9342-6B424F3735ED}.Release|x64.ActiveCfg = Release|Any CPU
		{B22E138D-A8E8-4E60-9342-6B424F3735ED}.Release|x64.Build.0 = Release|Any CPU
		{B22E138D-A8E8-4E60-9342-6B424F3735ED}.Release|x86.ActiveCfg = Release|Any CPU
		{B22E138D-A8E8-4E60-9342-6B424F3735ED}.Release|x86.Build.0 = Release|Any CPU
		{2676BB94-38BA-4CE8-B64C-26160FA22C29}.Debug|Any CPU.ActiveCfg = Debug|Any CPU
		{2676BB94-38BA-4CE8-B64C-26160FA22C29}.Debug|Any CPU.Build.0 = Debug|Any CPU
		{2676BB94-38BA-4CE8-B64C-26160FA22C29}.Debug|x64.ActiveCfg = Debug|Any CPU
		{2676BB94-38BA-4CE8-B64C-26160FA22C29}.Debug|x64.Build.0 = Debug|Any CPU
		{2676BB94-38BA-4CE8-B64C-26160FA22C29}.Debug|x86.ActiveCfg = Debug|Any CPU
		{2676BB94-38BA-4CE8-B64C-26160FA22C29}.Debug|x86.Build.0 = Debug|Any CPU
		{2676BB94-38BA-4CE8-B64C-26160FA22C29}.Release|Any CPU.ActiveCfg = Release|Any CPU
		{2676BB94-38BA-4CE8-B64C-26160FA22C29}.Release|Any CPU.Build.0 = Release|Any CPU
		{2676BB94-38BA-4CE8-B64C-26160FA22C29}.Release|x64.ActiveCfg = Release|Any CPU
		{2676BB94-38BA-4CE8-B64C-26160FA22C29}.Release|x64.Build.0 = Release|Any CPU
		{2676BB94-38BA-4CE8-B64C-26160FA22C29}.Release|x86.ActiveCfg = Release|Any CPU
		{2676BB94-38BA-4CE8-B64C-26160FA22C29}.Release|x86.Build.0 = Release|Any CPU
		{29EDFE27-785D-454A-B7A9-A8D71DCB62B5}.Debug|Any CPU.ActiveCfg = Debug|Any CPU
		{29EDFE27-785D-454A-B7A9-A8D71DCB62B5}.Debug|Any CPU.Build.0 = Debug|Any CPU
		{29EDFE27-785D-454A-B7A9-A8D71DCB62B5}.Debug|x64.ActiveCfg = Debug|Any CPU
		{29EDFE27-785D-454A-B7A9-A8D71DCB62B5}.Debug|x64.Build.0 = Debug|Any CPU
		{29EDFE27-785D-454A-B7A9-A8D71DCB62B5}.Debug|x86.ActiveCfg = Debug|Any CPU
		{29EDFE27-785D-454A-B7A9-A8D71DCB62B5}.Debug|x86.Build.0 = Debug|Any CPU
		{29EDFE27-785D-454A-B7A9-A8D71DCB62B5}.Release|Any CPU.ActiveCfg = Release|Any CPU
		{29EDFE27-785D-454A-B7A9-A8D71DCB62B5}.Release|Any CPU.Build.0 = Release|Any CPU
		{29EDFE27-785D-454A-B7A9-A8D71DCB62B5}.Release|x64.ActiveCfg = Release|Any CPU
		{29EDFE27-785D-454A-B7A9-A8D71DCB62B5}.Release|x64.Build.0 = Release|Any CPU
		{29EDFE27-785D-454A-B7A9-A8D71DCB62B5}.Release|x86.ActiveCfg = Release|Any CPU
		{29EDFE27-785D-454A-B7A9-A8D71DCB62B5}.Release|x86.Build.0 = Release|Any CPU
		{B9F212BF-1302-4005-A56D-A2733F3A792A}.Debug|Any CPU.ActiveCfg = Debug|Any CPU
		{B9F212BF-1302-4005-A56D-A2733F3A792A}.Debug|Any CPU.Build.0 = Debug|Any CPU
		{B9F212BF-1302-4005-A56D-A2733F3A792A}.Debug|x64.ActiveCfg = Debug|Any CPU
		{B9F212BF-1302-4005-A56D-A2733F3A792A}.Debug|x64.Build.0 = Debug|Any CPU
		{B9F212BF-1302-4005-A56D-A2733F3A792A}.Debug|x86.ActiveCfg = Debug|Any CPU
		{B9F212BF-1302-4005-A56D-A2733F3A792A}.Debug|x86.Build.0 = Debug|Any CPU
		{B9F212BF-1302-4005-A56D-A2733F3A792A}.Release|Any CPU.ActiveCfg = Release|Any CPU
		{B9F212BF-1302-4005-A56D-A2733F3A792A}.Release|Any CPU.Build.0 = Release|Any CPU
		{B9F212BF-1302-4005-A56D-A2733F3A792A}.Release|x64.ActiveCfg = Release|Any CPU
		{B9F212BF-1302-4005-A56D-A2733F3A792A}.Release|x64.Build.0 = Release|Any CPU
		{B9F212BF-1302-4005-A56D-A2733F3A792A}.Release|x86.ActiveCfg = Release|Any CPU
		{B9F212BF-1302-4005-A56D-A2733F3A792A}.Release|x86.Build.0 = Release|Any CPU
		{E519B1D4-0671-4C8F-AE19-906B818E5E8A}.Debug|Any CPU.ActiveCfg = Debug|Any CPU
		{E519B1D4-0671-4C8F-AE19-906B818E5E8A}.Debug|Any CPU.Build.0 = Debug|Any CPU
		{E519B1D4-0671-4C8F-AE19-906B818E5E8A}.Debug|x64.ActiveCfg = Debug|Any CPU
		{E519B1D4-0671-4C8F-AE19-906B818E5E8A}.Debug|x64.Build.0 = Debug|Any CPU
		{E519B1D4-0671-4C8F-AE19-906B818E5E8A}.Debug|x86.ActiveCfg = Debug|Any CPU
		{E519B1D4-0671-4C8F-AE19-906B818E5E8A}.Debug|x86.Build.0 = Debug|Any CPU
		{E519B1D4-0671-4C8F-AE19-906B818E5E8A}.Release|Any CPU.ActiveCfg = Release|Any CPU
		{E519B1D4-0671-4C8F-AE19-906B818E5E8A}.Release|Any CPU.Build.0 = Release|Any CPU
		{E519B1D4-0671-4C8F-AE19-906B818E5E8A}.Release|x64.ActiveCfg = Release|Any CPU
		{E519B1D4-0671-4C8F-AE19-906B818E5E8A}.Release|x64.Build.0 = Release|Any CPU
		{E519B1D4-0671-4C8F-AE19-906B818E5E8A}.Release|x86.ActiveCfg = Release|Any CPU
		{E519B1D4-0671-4C8F-AE19-906B818E5E8A}.Release|x86.Build.0 = Release|Any CPU
		{84FF43B1-6390-4989-A6C5-385A9582E18F}.Debug|Any CPU.ActiveCfg = Debug|Any CPU
		{84FF43B1-6390-4989-A6C5-385A9582E18F}.Debug|Any CPU.Build.0 = Debug|Any CPU
		{84FF43B1-6390-4989-A6C5-385A9582E18F}.Debug|x64.ActiveCfg = Debug|Any CPU
		{84FF43B1-6390-4989-A6C5-385A9582E18F}.Debug|x64.Build.0 = Debug|Any CPU
		{84FF43B1-6390-4989-A6C5-385A9582E18F}.Debug|x86.ActiveCfg = Debug|Any CPU
		{84FF43B1-6390-4989-A6C5-385A9582E18F}.Debug|x86.Build.0 = Debug|Any CPU
		{84FF43B1-6390-4989-A6C5-385A9582E18F}.Release|Any CPU.ActiveCfg = Release|Any CPU
		{84FF43B1-6390-4989-A6C5-385A9582E18F}.Release|Any CPU.Build.0 = Release|Any CPU
		{84FF43B1-6390-4989-A6C5-385A9582E18F}.Release|x64.ActiveCfg = Release|Any CPU
		{84FF43B1-6390-4989-A6C5-385A9582E18F}.Release|x64.Build.0 = Release|Any CPU
		{84FF43B1-6390-4989-A6C5-385A9582E18F}.Release|x86.ActiveCfg = Release|Any CPU
		{84FF43B1-6390-4989-A6C5-385A9582E18F}.Release|x86.Build.0 = Release|Any CPU
		{41B1F385-72CC-4F28-A66A-32E14645F3D6}.Debug|Any CPU.ActiveCfg = Debug|Any CPU
		{41B1F385-72CC-4F28-A66A-32E14645F3D6}.Debug|Any CPU.Build.0 = Debug|Any CPU
		{41B1F385-72CC-4F28-A66A-32E14645F3D6}.Debug|x64.ActiveCfg = Debug|Any CPU
		{41B1F385-72CC-4F28-A66A-32E14645F3D6}.Debug|x64.Build.0 = Debug|Any CPU
		{41B1F385-72CC-4F28-A66A-32E14645F3D6}.Debug|x86.ActiveCfg = Debug|Any CPU
		{41B1F385-72CC-4F28-A66A-32E14645F3D6}.Debug|x86.Build.0 = Debug|Any CPU
		{41B1F385-72CC-4F28-A66A-32E14645F3D6}.Release|Any CPU.ActiveCfg = Release|Any CPU
		{41B1F385-72CC-4F28-A66A-32E14645F3D6}.Release|Any CPU.Build.0 = Release|Any CPU
		{41B1F385-72CC-4F28-A66A-32E14645F3D6}.Release|x64.ActiveCfg = Release|Any CPU
		{41B1F385-72CC-4F28-A66A-32E14645F3D6}.Release|x64.Build.0 = Release|Any CPU
		{41B1F385-72CC-4F28-A66A-32E14645F3D6}.Release|x86.ActiveCfg = Release|Any CPU
		{41B1F385-72CC-4F28-A66A-32E14645F3D6}.Release|x86.Build.0 = Release|Any CPU
		{BEE3ACEA-6914-4D91-9635-6C583FDAD35E}.Debug|Any CPU.ActiveCfg = Debug|Any CPU
		{BEE3ACEA-6914-4D91-9635-6C583FDAD35E}.Debug|Any CPU.Build.0 = Debug|Any CPU
		{BEE3ACEA-6914-4D91-9635-6C583FDAD35E}.Debug|x64.ActiveCfg = Debug|Any CPU
		{BEE3ACEA-6914-4D91-9635-6C583FDAD35E}.Debug|x64.Build.0 = Debug|Any CPU
		{BEE3ACEA-6914-4D91-9635-6C583FDAD35E}.Debug|x86.ActiveCfg = Debug|Any CPU
		{BEE3ACEA-6914-4D91-9635-6C583FDAD35E}.Debug|x86.Build.0 = Debug|Any CPU
		{BEE3ACEA-6914-4D91-9635-6C583FDAD35E}.Release|Any CPU.ActiveCfg = Release|Any CPU
		{BEE3ACEA-6914-4D91-9635-6C583FDAD35E}.Release|Any CPU.Build.0 = Release|Any CPU
		{BEE3ACEA-6914-4D91-9635-6C583FDAD35E}.Release|x64.ActiveCfg = Release|Any CPU
		{BEE3ACEA-6914-4D91-9635-6C583FDAD35E}.Release|x64.Build.0 = Release|Any CPU
		{BEE3ACEA-6914-4D91-9635-6C583FDAD35E}.Release|x86.ActiveCfg = Release|Any CPU
		{BEE3ACEA-6914-4D91-9635-6C583FDAD35E}.Release|x86.Build.0 = Release|Any CPU
		{AE7F72DC-1BA0-493E-9280-8130B8FE2047}.Debug|Any CPU.ActiveCfg = Debug|Any CPU
		{AE7F72DC-1BA0-493E-9280-8130B8FE2047}.Debug|Any CPU.Build.0 = Debug|Any CPU
		{AE7F72DC-1BA0-493E-9280-8130B8FE2047}.Debug|x64.ActiveCfg = Debug|Any CPU
		{AE7F72DC-1BA0-493E-9280-8130B8FE2047}.Debug|x64.Build.0 = Debug|Any CPU
		{AE7F72DC-1BA0-493E-9280-8130B8FE2047}.Debug|x86.ActiveCfg = Debug|Any CPU
		{AE7F72DC-1BA0-493E-9280-8130B8FE2047}.Debug|x86.Build.0 = Debug|Any CPU
		{AE7F72DC-1BA0-493E-9280-8130B8FE2047}.Release|Any CPU.ActiveCfg = Release|Any CPU
		{AE7F72DC-1BA0-493E-9280-8130B8FE2047}.Release|Any CPU.Build.0 = Release|Any CPU
		{AE7F72DC-1BA0-493E-9280-8130B8FE2047}.Release|x64.ActiveCfg = Release|Any CPU
		{AE7F72DC-1BA0-493E-9280-8130B8FE2047}.Release|x64.Build.0 = Release|Any CPU
		{AE7F72DC-1BA0-493E-9280-8130B8FE2047}.Release|x86.ActiveCfg = Release|Any CPU
		{AE7F72DC-1BA0-493E-9280-8130B8FE2047}.Release|x86.Build.0 = Release|Any CPU
		{DE738170-FA74-4314-8713-46621D8A831B}.Debug|Any CPU.ActiveCfg = Debug|Any CPU
		{DE738170-FA74-4314-8713-46621D8A831B}.Debug|Any CPU.Build.0 = Debug|Any CPU
		{DE738170-FA74-4314-8713-46621D8A831B}.Debug|x64.ActiveCfg = Debug|Any CPU
		{DE738170-FA74-4314-8713-46621D8A831B}.Debug|x64.Build.0 = Debug|Any CPU
		{DE738170-FA74-4314-8713-46621D8A831B}.Debug|x86.ActiveCfg = Debug|Any CPU
		{DE738170-FA74-4314-8713-46621D8A831B}.Debug|x86.Build.0 = Debug|Any CPU
		{DE738170-FA74-4314-8713-46621D8A831B}.Release|Any CPU.ActiveCfg = Release|Any CPU
		{DE738170-FA74-4314-8713-46621D8A831B}.Release|Any CPU.Build.0 = Release|Any CPU
		{DE738170-FA74-4314-8713-46621D8A831B}.Release|x64.ActiveCfg = Release|Any CPU
		{DE738170-FA74-4314-8713-46621D8A831B}.Release|x64.Build.0 = Release|Any CPU
		{DE738170-FA74-4314-8713-46621D8A831B}.Release|x86.ActiveCfg = Release|Any CPU
		{DE738170-FA74-4314-8713-46621D8A831B}.Release|x86.Build.0 = Release|Any CPU
	EndGlobalSection
	GlobalSection(SolutionProperties) = preSolution
		HideSolutionNode = FALSE
	EndGlobalSection
	GlobalSection(NestedProjects) = preSolution
		{B22E138D-A8E8-4E60-9342-6B424F3735ED} = {827E0CD3-B72D-47B6-A68D-7590B98EB39B}
		{2676BB94-38BA-4CE8-B64C-26160FA22C29} = {827E0CD3-B72D-47B6-A68D-7590B98EB39B}
		{EC447DCF-ABFA-6E24-52A5-D7FD48A5C558} = {827E0CD3-B72D-47B6-A68D-7590B98EB39B}
		{29EDFE27-785D-454A-B7A9-A8D71DCB62B5} = {EC447DCF-ABFA-6E24-52A5-D7FD48A5C558}
		{B9F212BF-1302-4005-A56D-A2733F3A792A} = {EC447DCF-ABFA-6E24-52A5-D7FD48A5C558}
		{E519B1D4-0671-4C8F-AE19-906B818E5E8A} = {EC447DCF-ABFA-6E24-52A5-D7FD48A5C558}
		{84FF43B1-6390-4989-A6C5-385A9582E18F} = {827E0CD3-B72D-47B6-A68D-7590B98EB39B}
		{41B1F385-72CC-4F28-A66A-32E14645F3D6} = {0AB3BF05-4346-4AA6-1389-037BE0695223}
		{BEE3ACEA-6914-4D91-9635-6C583FDAD35E} = {0AB3BF05-4346-4AA6-1389-037BE0695223}
		{AE7F72DC-1BA0-493E-9280-8130B8FE2047} = {0AB3BF05-4346-4AA6-1389-037BE0695223}
		{DE738170-FA74-4314-8713-46621D8A831B} = {0AB3BF05-4346-4AA6-1389-037BE0695223}
	EndGlobalSection
EndGlobal
